
Microsoft Visual Studio Solution File, Format Version 12.00
# Visual Studio Version 17
VisualStudioVersion = 17.11.35327.3
MinimumVisualStudioVersion = 10.0.40219.1
Project("{FAE04EC0-301F-11D3-BF4B-00C04F79EFBC}") = "fly", "fly\fly.csproj", "{603EC588-7132-4C0C-B94A-E7FBD30347F8}"
EndProject
Global
	GlobalSection(SolutionConfigurationPlatforms) = preSolution
		Debug|Any CPU = Debug|Any CPU
		Release|Any CPU = Release|Any CPU
	EndGlobalSection
	GlobalSection(ProjectConfigurationPlatforms) = postSolution
		{603EC588-7132-4C0C-B94A-E7FBD30347F8}.Debug|Any CPU.ActiveCfg = Debug|Any CPU
		{603EC588-7132-4C0C-B94A-E7FBD30347F8}.Debug|Any CPU.Build.0 = Debug|Any CPU
		{603EC588-7132-4C0C-B94A-E7FBD30347F8}.Release|Any CPU.ActiveCfg = Release|Any CPU
		{603EC588-7132-4C0C-B94A-E7FBD30347F8}.Release|Any CPU.Build.0 = Release|Any CPU
	EndGlobalSection
	GlobalSection(SolutionProperties) = preSolution
		HideSolutionNode = FALSE
	EndGlobalSection
	GlobalSection(ExtensibilityGlobals) = postSolution
		SolutionGuid = {0380EDAD-B0DA-4500-88CC-D273F8139972}
	EndGlobalSection
EndGlobal
